
Microsoft Visual Studio Solution File, Format Version 12.00
# Visual Studio Version 17
VisualStudioVersion = 17.12.35527.113
MinimumVisualStudioVersion = 10.0.40219.1
Project("{FAE04EC0-301F-11D3-BF4B-00C04F79EFBC}") = "TiendaCUN.Data", "TiendaCUN.Data\TiendaCUN.Data.csproj", "{BD442A89-D58D-4014-867B-B47BF2F2004C}"
EndProject
Project("{FAE04EC0-301F-11D3-BF4B-00C04F79EFBC}") = "TiendaCUN.Domain", "TiendaCUN.Domain\TiendaCUN.Domain.csproj", "{9457C5C7-0240-439E-8E5C-3A029E21B2A5}"
EndProject
Project("{FAE04EC0-301F-11D3-BF4B-00C04F79EFBC}") = "TiendaCUN.UI", "TiendaCUN.UI\TiendaCUN.UI.csproj", "{0AA961AD-1F0F-4D0B-8DC1-9D77C7A7908C}"
EndProject
Global
	GlobalSection(SolutionConfigurationPlatforms) = preSolution
		Debug|Any CPU = Debug|Any CPU
		Release|Any CPU = Release|Any CPU
	EndGlobalSection
	GlobalSection(ProjectConfigurationPlatforms) = postSolution
		{BD442A89-D58D-4014-867B-B47BF2F2004C}.Debug|Any CPU.ActiveCfg = Debug|Any CPU
		{BD442A89-D58D-4014-867B-B47BF2F2004C}.Debug|Any CPU.Build.0 = Debug|Any CPU
		{BD442A89-D58D-4014-867B-B47BF2F2004C}.Release|Any CPU.ActiveCfg = Release|Any CPU
		{BD442A89-D58D-4014-867B-B47BF2F2004C}.Release|Any CPU.Build.0 = Release|Any CPU
		{9457C5C7-0240-439E-8E5C-3A029E21B2A5}.Debug|Any CPU.ActiveCfg = Debug|Any CPU
		{9457C5C7-0240-439E-8E5C-3A029E21B2A5}.Debug|Any CPU.Build.0 = Debug|Any CPU
		{9457C5C7-0240-439E-8E5C-3A029E21B2A5}.Release|Any CPU.ActiveCfg = Release|Any CPU
		{9457C5C7-0240-439E-8E5C-3A029E21B2A5}.Release|Any CPU.Build.0 = Release|Any CPU
		{0AA961AD-1F0F-4D0B-8DC1-9D77C7A7908C}.Debug|Any CPU.ActiveCfg = Debug|Any CPU
		{0AA961AD-1F0F-4D0B-8DC1-9D77C7A7908C}.Debug|Any CPU.Build.0 = Debug|Any CPU
		{0AA961AD-1F0F-4D0B-8DC1-9D77C7A7908C}.Release|Any CPU.ActiveCfg = Release|Any CPU
		{0AA961AD-1F0F-4D0B-8DC1-9D77C7A7908C}.Release|Any CPU.Build.0 = Release|Any CPU
	EndGlobalSection
	GlobalSection(SolutionProperties) = preSolution
		HideSolutionNode = FALSE
	EndGlobalSection
EndGlobal
